<?xml version="1.0" encoding="utf-8"?>
<Project ToolsVersion="4.0" xmlns="http://schemas.microsoft.com/developer/msbuild/2003">
  <ItemGroup>
    <Filter Include="Source Files">
      <UniqueIdentifier>{4FC737F1-C7A5-4376-A066-2A32D752A2FF}</UniqueIdentifier>
      <Extensions>cpp;c;cc;cxx;def;odl;idl;hpj;bat;asm;asmx</Extensions>
    </Filter>
    <Filter Include="Header Files">
      <UniqueIdentifier>{93995380-89BD-4b04-88EB-625FBE52EBFB}</UniqueIdentifier>
      <Extensions>h;hpp;hxx;hm;inl;inc;xsd</Extensions>
    </Filter>
    <Filter Include="Resource Files">
      <UniqueIdentifier>{67DA6AB6-F800-4c08-8B7A-83BB121AAD01}</UniqueIdentifier>
      <Extensions>rc;ico;cur;bmp;dlg;rc2;rct;bin;rgs;gif;jpg;jpeg;jpe;resx;tiff;tif;png;wav;mfcribbon-ms</Extensions>
    </Filter>
    <Filter Include="Driver Files">
      <UniqueIdentifier>{8E41214B-6785-4CFE-B992-037D68949A14}</UniqueIdentifier>
      <Extensions>inf;inv;inx;mof;mc;</Extensions>
    </Filter>
    <Filter Include="CppSupport">
      <UniqueIdentifier>{81b6c009-b509-4479-b531-49dc277a426e}</UniqueIdentifier>
    </Filter>
    <Filter Include="Scsi_Handler">
      <UniqueIdentifier>{4e1c7a06-8462-44b5-ad64-53d9f2d3651e}</UniqueIdentifier>
    </Filter>
    <Filter Include="Utils">
      <UniqueIdentifier>{bdc8e5f2-71b5-4918-98c5-5ff0888105db}</UniqueIdentifier>
    </Filter>
  </ItemGroup>
  <ItemGroup>
    <Inf Include="SpcRamdisk.inf">
      <Filter>Driver Files</Filter>
    </Inf>
  </ItemGroup>
  <ItemGroup>
    <ClCompile Include="DriverEntry.cpp">
      <Filter>Source Files</Filter>
    </ClCompile>
    <ClCompile Include="SrbExt.cpp">
      <Filter>Source Files</Filter>
    </ClCompile>
    <ClCompile Include="AutoLock.cpp">
      <Filter>CppSupport</Filter>
    </ClCompile>
    <ClCompile Include="CppOperator.cpp">
      <Filter>CppSupport</Filter>
    </ClCompile>
    <ClCompile Include="DebugUtils.cpp">
      <Filter>Utils</Filter>
    </ClCompile>
    <ClCompile Include="MiniportFunction.cpp">
      <Filter>Source Files</Filter>
    </ClCompile>
    <ClCompile Include="ScsiHandler_CDB16.cpp">
      <Filter>Scsi_Handler</Filter>
    </ClCompile>
    <ClCompile Include="ScsiHandler_CDB6.cpp">
      <Filter>Scsi_Handler</Filter>
    </ClCompile>
    <ClCompile Include="ScsiHandler_CDB10.cpp">
      <Filter>Scsi_Handler</Filter>
    </ClCompile>
    <ClCompile Include="ScsiHandler_CDB12.cpp">
      <Filter>Scsi_Handler</Filter>
    </ClCompile>
    <ClCompile Include="DevExt.cpp">
      <Filter>Source Files</Filter>
    </ClCompile>
    <ClCompile Include="AdapterControl_Handlers.cpp">
      <Filter>Source Files</Filter>
    </ClCompile>
    <ClCompile Include="StartIo_Handlers.cpp">
      <Filter>Source Files</Filter>
    </ClCompile>
    <ClCompile Include="ScsiHandler_Utils.cpp">
      <Filter>Scsi_Handler</Filter>
    </ClCompile>
    <ClCompile Include="UnitControl_Handlers.cpp">
      <Filter>Source Files</Filter>
    </ClCompile>
  </ItemGroup>
  <ItemGroup>
    <ClInclude Include="precompile.h">
      <Filter>Header Files</Filter>
    </ClInclude>
    <ClInclude Include="PoolTag.h">
      <Filter>Header Files</Filter>
    </ClInclude>
    <ClInclude Include="DevExt.h">
      <Filter>Header Files</Filter>
    </ClInclude>
    <ClInclude Include="SrbExt.h">
      <Filter>Header Files</Filter>
    </ClInclude>
    <ClInclude Include="Constants.h">
      <Filter>Header Files</Filter>
    </ClInclude>
    <ClInclude Include="DebugUtils.h">
      <Filter>Header Files</Filter>
    </ClInclude>
    <ClInclude Include="MiniportFunction.h">
      <Filter>Header Files</Filter>
    </ClInclude>
    <ClInclude Include="StartIo_Handler.h">
      <Filter>Header Files</Filter>
    </ClInclude>
    <ClInclude Include="AdapterControl_Handlers.h">
      <Filter>Header Files</Filter>
    </ClInclude>
    <ClInclude Include="AutoPointer.hpp">
      <Filter>CppSupport</Filter>
    </ClInclude>
    <ClInclude Include="UnitControl_Handlers.h">
      <Filter>Header Files</Filter>
    </ClInclude>
    <ClInclude Include="CppSupport.h">
      <Filter>CppSupport</Filter>
    </ClInclude>
    <ClInclude Include="ScsiHandler_CDB6.h">
      <Filter>Scsi_Handler</Filter>
    </ClInclude>
    <ClInclude Include="ScsiHandler_CDB10.h">
      <Filter>Scsi_Handler</Filter>
    </ClInclude>
    <ClInclude Include="ScsiHandler_CDB12.h">
      <Filter>Scsi_Handler</Filter>
    </ClInclude>
    <ClInclude Include="ScsiHandler_CDB16.h">
      <Filter>Scsi_Handler</Filter>
    </ClInclude>
    <ClInclude Include="ScsiHandler_Utils.h">
      <Filter>Scsi_Handler</Filter>

    </ClInclude>
  </ItemGroup>
</Project>